
Microsoft Visual Studio Solution File, Format Version 12.00
# Visual Studio 15
VisualStudioVersion = 15.0.27130.2010
MinimumVisualStudioVersion = 10.0.40219.1
Project("{FAE04EC0-301F-11D3-BF4B-00C04F79EFBC}") = "MicroVision", "MicroVision\MicroVision.csproj", "{C7728662-3A11-4B8F-B633-A7B0476DDE3C}"
EndProject
Project("{FAE04EC0-301F-11D3-BF4B-00C04F79EFBC}") = "MicroVision.Services", "MicroVision.Services\MicroVision.Services.csproj", "{C2AB6A15-51B1-41FE-8FE5-D61F1DAFBE90}"
EndProject
Project("{FAE04EC0-301F-11D3-BF4B-00C04F79EFBC}") = "MicroVision.Modules.ParameterPanel", "MicroVision.Modules.ParameterPanel\MicroVision.Modules.ParameterPanel.csproj", "{7BE9E51B-C04F-46E8-BC02-6CC60E6AE06F}"
EndProject
Project("{FAE04EC0-301F-11D3-BF4B-00C04F79EFBC}") = "MicroVision.Modules.StatusPanel", "MicroVision.Modules.StatusPanel\MicroVision.Modules.StatusPanel.csproj", "{FF786C60-F2CA-4B7A-9EE8-F7097734A572}"
EndProject
Project("{FAE04EC0-301F-11D3-BF4B-00C04F79EFBC}") = "MicroVision.Core", "MicroVision.Core\MicroVision.Core.csproj", "{D282D7E2-E6BF-4208-BC87-283D836E94AD}"
EndProject
Global
	GlobalSection(SolutionConfigurationPlatforms) = preSolution
		Debug|Any CPU = Debug|Any CPU
		Release|Any CPU = Release|Any CPU
	EndGlobalSection
	GlobalSection(ProjectConfigurationPlatforms) = postSolution
		{C7728662-3A11-4B8F-B633-A7B0476DDE3C}.Debug|Any CPU.ActiveCfg = Debug|Any CPU
		{C7728662-3A11-4B8F-B633-A7B0476DDE3C}.Debug|Any CPU.Build.0 = Debug|Any CPU
		{C7728662-3A11-4B8F-B633-A7B0476DDE3C}.Release|Any CPU.ActiveCfg = Release|Any CPU
		{C7728662-3A11-4B8F-B633-A7B0476DDE3C}.Release|Any CPU.Build.0 = Release|Any CPU
		{C2AB6A15-51B1-41FE-8FE5-D61F1DAFBE90}.Debug|Any CPU.ActiveCfg = Debug|Any CPU
		{C2AB6A15-51B1-41FE-8FE5-D61F1DAFBE90}.Debug|Any CPU.Build.0 = Debug|Any CPU
		{C2AB6A15-51B1-41FE-8FE5-D61F1DAFBE90}.Release|Any CPU.ActiveCfg = Release|Any CPU
		{C2AB6A15-51B1-41FE-8FE5-D61F1DAFBE90}.Release|Any CPU.Build.0 = Release|Any CPU
		{7BE9E51B-C04F-46E8-BC02-6CC60E6AE06F}.Debug|Any CPU.ActiveCfg = Debug|Any CPU
		{7BE9E51B-C04F-46E8-BC02-6CC60E6AE06F}.Debug|Any CPU.Build.0 = Debug|Any CPU
		{7BE9E51B-C04F-46E8-BC02-6CC60E6AE06F}.Release|Any CPU.ActiveCfg = Release|Any CPU
		{7BE9E51B-C04F-46E8-BC02-6CC60E6AE06F}.Release|Any CPU.Build.0 = Release|Any CPU
		{FF786C60-F2CA-4B7A-9EE8-F7097734A572}.Debug|Any CPU.ActiveCfg = Debug|Any CPU
		{FF786C60-F2CA-4B7A-9EE8-F7097734A572}.Debug|Any CPU.Build.0 = Debug|Any CPU
		{FF786C60-F2CA-4B7A-9EE8-F7097734A572}.Release|Any CPU.ActiveCfg = Release|Any CPU
		{FF786C60-F2CA-4B7A-9EE8-F7097734A572}.Release|Any CPU.Build.0 = Release|Any CPU
		{D282D7E2-E6BF-4208-BC87-283D836E94AD}.Debug|Any CPU.ActiveCfg = Debug|Any CPU
		{D282D7E2-E6BF-4208-BC87-283D836E94AD}.Debug|Any CPU.Build.0 = Debug|Any CPU
		{D282D7E2-E6BF-4208-BC87-283D836E94AD}.Release|Any CPU.ActiveCfg = Release|Any CPU
		{D282D7E2-E6BF-4208-BC87-283D836E94AD}.Release|Any CPU.Build.0 = Release|Any CPU
	EndGlobalSection
	GlobalSection(SolutionProperties) = preSolution
		HideSolutionNode = FALSE
	EndGlobalSection
	GlobalSection(ExtensibilityGlobals) = postSolution
		SolutionGuid = {0848A97E-E3F5-4BF1-899F-F6EB1A95927D}
	EndGlobalSection
EndGlobal
