
Microsoft Visual Studio Solution File, Format Version 12.00
# Visual Studio 15
VisualStudioVersion = 15.0.27130.2036
MinimumVisualStudioVersion = 10.0.40219.1
Project("{FAE04EC0-301F-11D3-BF4B-00C04F79EFBC}") = "MicroVision", "MicroVision\MicroVision.csproj", "{C7728662-3A11-4B8F-B633-A7B0476DDE3C}"
EndProject
Project("{FAE04EC0-301F-11D3-BF4B-00C04F79EFBC}") = "MicroVision.Services", "MicroVision.Services\MicroVision.Services.csproj", "{C2AB6A15-51B1-41FE-8FE5-D61F1DAFBE90}"
EndProject
Project("{FAE04EC0-301F-11D3-BF4B-00C04F79EFBC}") = "MicroVision.Modules.ParameterPanel", "MicroVision.Modules.ParameterPanel\MicroVision.Modules.ParameterPanel.csproj", "{7BE9E51B-C04F-46E8-BC02-6CC60E6AE06F}"
EndProject
Project("{FAE04EC0-301F-11D3-BF4B-00C04F79EFBC}") = "MicroVision.Modules.StatusPanel", "MicroVision.Modules.StatusPanel\MicroVision.Modules.StatusPanel.csproj", "{FF786C60-F2CA-4B7A-9EE8-F7097734A572}"
EndProject
Project("{FAE04EC0-301F-11D3-BF4B-00C04F79EFBC}") = "MicroVision.Core", "MicroVision.Core\MicroVision.Core.csproj", "{D282D7E2-E6BF-4208-BC87-283D836E94AD}"
EndProject
Project("{2150E333-8FDC-42A3-9474-1A3956D46DE8}") = "SerialService", "SerialService", "{F3770C02-533C-4D14-9D37-7A9E6A8BB674}"
EndProject
Project("{FAE04EC0-301F-11D3-BF4B-00C04F79EFBC}") = "SerialServiceNet", "SerialServiceNet\SerialServiceNet.csproj", "{B02FFA12-E312-46F8-B31D-D29E49C0E981}"
EndProject
Project("{FAE04EC0-301F-11D3-BF4B-00C04F79EFBC}") = "SerialServiceTest", "SerialServiceTest\SerialServiceTest.csproj", "{EAAC31FA-46F3-4F94-BA42-8131C7DF809B}"
EndProject
Project("{2150E333-8FDC-42A3-9474-1A3956D46DE8}") = "CameraSerivce", "CameraSerivce", "{5AE61730-0D5C-4799-A9C4-8D4E3B662448}"
EndProject
Project("{FAE04EC0-301F-11D3-BF4B-00C04F79EFBC}") = "CameraServiceNet", "CameraServiceNet\CameraServiceNet.csproj", "{6976E890-16EC-413C-9106-62AB4811F6E3}"
EndProject
Project("{D954291E-2A0B-460D-934E-DC6B0785DB48}") = "ServiceShared", "ServiceShared\ServiceShared.shproj", "{B8873343-BA9E-4EB8-A3F9-49FE9B7A379B}"
EndProject
Project("{FAE04EC0-301F-11D3-BF4B-00C04F79EFBC}") = "CameraServiceTest", "CameraServiceTest\CameraServiceTest.csproj", "{8EDF4429-251A-416D-BB68-93F227191BCF}"
EndProject
Project("{2150E333-8FDC-42A3-9474-1A3956D46DE8}") = "Proto", "Proto", "{4344FB2A-52A2-4BD8-BE25-202C17D2BEB9}"
	ProjectSection(SolutionItems) = preProject
		protos\CameraControllerService.proto = protos\CameraControllerService.proto
		protos\CameraService.proto = protos\CameraService.proto
		protos\Error.proto = protos\Error.proto
	EndProjectSection
EndProject
Project("{FAE04EC0-301F-11D3-BF4B-00C04F79EFBC}") = "MicroVision.Modules.Menu", "MicroVision.Modules.Menu\MicroVision.Modules.Menu.csproj", "{FA8BC10A-A970-40F3-9FF5-C2A651DA8FF2}"
EndProject
Project("{FAE04EC0-301F-11D3-BF4B-00C04F79EFBC}") = "WinCameraService", "WinCameraService\WinCameraService.csproj", "{81EF4052-770E-4BBF-BCEE-EFCE7B7C96E2}"
EndProject
Project("{54435603-DBB4-11D2-8724-00A0C9A8B90C}") = "CameraServiceInstaller", "CameraServiceInstaller\CameraServiceInstaller.vdproj", "{BF6C1C34-F93A-4B92-BE2A-1DFFF0FE155E}"
EndProject
Project("{FAE04EC0-301F-11D3-BF4B-00C04F79EFBC}") = "WinSerialService", "WinSerialService\WinSerialService.csproj", "{CD3476E1-B175-4A58-9D66-2CA84E7D995D}"
EndProject
Project("{54435603-DBB4-11D2-8724-00A0C9A8B90C}") = "SerialServiceInstaller", "SerialServiceInstaller\SerialServiceInstaller.vdproj", "{CF781E4C-0935-4C51-AA55-962F45489BEB}"
EndProject
Global
	GlobalSection(SharedMSBuildProjectFiles) = preSolution
		ServiceShared\ServiceShared.projitems*{6976e890-16ec-413c-9106-62ab4811f6e3}*SharedItemsImports = 4
		ServiceShared\ServiceShared.projitems*{b02ffa12-e312-46f8-b31d-d29e49c0e981}*SharedItemsImports = 4
		ServiceShared\ServiceShared.projitems*{b8873343-ba9e-4eb8-a3f9-49fe9b7a379b}*SharedItemsImports = 13
	EndGlobalSection
	GlobalSection(SolutionConfigurationPlatforms) = preSolution
		Debug|Any CPU = Debug|Any CPU
		Release|Any CPU = Release|Any CPU
	EndGlobalSection
	GlobalSection(ProjectConfigurationPlatforms) = postSolution
		{C7728662-3A11-4B8F-B633-A7B0476DDE3C}.Debug|Any CPU.ActiveCfg = Debug|Any CPU
		{C7728662-3A11-4B8F-B633-A7B0476DDE3C}.Debug|Any CPU.Build.0 = Debug|Any CPU
		{C7728662-3A11-4B8F-B633-A7B0476DDE3C}.Release|Any CPU.ActiveCfg = Release|Any CPU
		{C7728662-3A11-4B8F-B633-A7B0476DDE3C}.Release|Any CPU.Build.0 = Release|Any CPU
		{C2AB6A15-51B1-41FE-8FE5-D61F1DAFBE90}.Debug|Any CPU.ActiveCfg = Debug|Any CPU
		{C2AB6A15-51B1-41FE-8FE5-D61F1DAFBE90}.Debug|Any CPU.Build.0 = Debug|Any CPU
		{C2AB6A15-51B1-41FE-8FE5-D61F1DAFBE90}.Release|Any CPU.ActiveCfg = Release|Any CPU
		{C2AB6A15-51B1-41FE-8FE5-D61F1DAFBE90}.Release|Any CPU.Build.0 = Release|Any CPU
		{7BE9E51B-C04F-46E8-BC02-6CC60E6AE06F}.Debug|Any CPU.ActiveCfg = Debug|Any CPU
		{7BE9E51B-C04F-46E8-BC02-6CC60E6AE06F}.Debug|Any CPU.Build.0 = Debug|Any CPU
		{7BE9E51B-C04F-46E8-BC02-6CC60E6AE06F}.Release|Any CPU.ActiveCfg = Release|Any CPU
		{7BE9E51B-C04F-46E8-BC02-6CC60E6AE06F}.Release|Any CPU.Build.0 = Release|Any CPU
		{FF786C60-F2CA-4B7A-9EE8-F7097734A572}.Debug|Any CPU.ActiveCfg = Debug|Any CPU
		{FF786C60-F2CA-4B7A-9EE8-F7097734A572}.Debug|Any CPU.Build.0 = Debug|Any CPU
		{FF786C60-F2CA-4B7A-9EE8-F7097734A572}.Release|Any CPU.ActiveCfg = Release|Any CPU
		{FF786C60-F2CA-4B7A-9EE8-F7097734A572}.Release|Any CPU.Build.0 = Release|Any CPU
		{D282D7E2-E6BF-4208-BC87-283D836E94AD}.Debug|Any CPU.ActiveCfg = Debug|Any CPU
		{D282D7E2-E6BF-4208-BC87-283D836E94AD}.Debug|Any CPU.Build.0 = Debug|Any CPU
		{D282D7E2-E6BF-4208-BC87-283D836E94AD}.Release|Any CPU.ActiveCfg = Release|Any CPU
		{D282D7E2-E6BF-4208-BC87-283D836E94AD}.Release|Any CPU.Build.0 = Release|Any CPU
		{B02FFA12-E312-46F8-B31D-D29E49C0E981}.Debug|Any CPU.ActiveCfg = Debug|Any CPU
		{B02FFA12-E312-46F8-B31D-D29E49C0E981}.Debug|Any CPU.Build.0 = Debug|Any CPU
		{B02FFA12-E312-46F8-B31D-D29E49C0E981}.Release|Any CPU.ActiveCfg = Release|Any CPU
		{B02FFA12-E312-46F8-B31D-D29E49C0E981}.Release|Any CPU.Build.0 = Release|Any CPU
		{EAAC31FA-46F3-4F94-BA42-8131C7DF809B}.Debug|Any CPU.ActiveCfg = Debug|Any CPU
		{EAAC31FA-46F3-4F94-BA42-8131C7DF809B}.Debug|Any CPU.Build.0 = Debug|Any CPU
		{EAAC31FA-46F3-4F94-BA42-8131C7DF809B}.Release|Any CPU.ActiveCfg = Release|Any CPU
		{EAAC31FA-46F3-4F94-BA42-8131C7DF809B}.Release|Any CPU.Build.0 = Release|Any CPU
		{6976E890-16EC-413C-9106-62AB4811F6E3}.Debug|Any CPU.ActiveCfg = Debug|Any CPU
		{6976E890-16EC-413C-9106-62AB4811F6E3}.Debug|Any CPU.Build.0 = Debug|Any CPU
		{6976E890-16EC-413C-9106-62AB4811F6E3}.Release|Any CPU.ActiveCfg = Release|Any CPU
		{6976E890-16EC-413C-9106-62AB4811F6E3}.Release|Any CPU.Build.0 = Release|Any CPU
		{8EDF4429-251A-416D-BB68-93F227191BCF}.Debug|Any CPU.ActiveCfg = Debug|Any CPU
		{8EDF4429-251A-416D-BB68-93F227191BCF}.Debug|Any CPU.Build.0 = Debug|Any CPU
		{8EDF4429-251A-416D-BB68-93F227191BCF}.Release|Any CPU.ActiveCfg = Release|Any CPU
		{8EDF4429-251A-416D-BB68-93F227191BCF}.Release|Any CPU.Build.0 = Release|Any CPU
		{FA8BC10A-A970-40F3-9FF5-C2A651DA8FF2}.Debug|Any CPU.ActiveCfg = Debug|Any CPU
		{FA8BC10A-A970-40F3-9FF5-C2A651DA8FF2}.Debug|Any CPU.Build.0 = Debug|Any CPU
		{FA8BC10A-A970-40F3-9FF5-C2A651DA8FF2}.Release|Any CPU.ActiveCfg = Release|Any CPU
		{FA8BC10A-A970-40F3-9FF5-C2A651DA8FF2}.Release|Any CPU.Build.0 = Release|Any CPU
		{81EF4052-770E-4BBF-BCEE-EFCE7B7C96E2}.Debug|Any CPU.ActiveCfg = Debug|Any CPU
		{81EF4052-770E-4BBF-BCEE-EFCE7B7C96E2}.Debug|Any CPU.Build.0 = Debug|Any CPU
		{81EF4052-770E-4BBF-BCEE-EFCE7B7C96E2}.Release|Any CPU.ActiveCfg = Release|Any CPU
		{81EF4052-770E-4BBF-BCEE-EFCE7B7C96E2}.Release|Any CPU.Build.0 = Release|Any CPU
		{BF6C1C34-F93A-4B92-BE2A-1DFFF0FE155E}.Debug|Any CPU.ActiveCfg = Debug
		{BF6C1C34-F93A-4B92-BE2A-1DFFF0FE155E}.Release|Any CPU.ActiveCfg = Release
		{CD3476E1-B175-4A58-9D66-2CA84E7D995D}.Debug|Any CPU.ActiveCfg = Debug|Any CPU
		{CD3476E1-B175-4A58-9D66-2CA84E7D995D}.Debug|Any CPU.Build.0 = Debug|Any CPU
		{CD3476E1-B175-4A58-9D66-2CA84E7D995D}.Release|Any CPU.ActiveCfg = Release|Any CPU
		{CD3476E1-B175-4A58-9D66-2CA84E7D995D}.Release|Any CPU.Build.0 = Release|Any CPU
		{CF781E4C-0935-4C51-AA55-962F45489BEB}.Debug|Any CPU.ActiveCfg = Debug
		{CF781E4C-0935-4C51-AA55-962F45489BEB}.Release|Any CPU.ActiveCfg = Release
	EndGlobalSection
	GlobalSection(SolutionProperties) = preSolution
		HideSolutionNode = FALSE
	EndGlobalSection
	GlobalSection(NestedProjects) = preSolution
		{B02FFA12-E312-46F8-B31D-D29E49C0E981} = {F3770C02-533C-4D14-9D37-7A9E6A8BB674}
		{EAAC31FA-46F3-4F94-BA42-8131C7DF809B} = {F3770C02-533C-4D14-9D37-7A9E6A8BB674}
		{6976E890-16EC-413C-9106-62AB4811F6E3} = {5AE61730-0D5C-4799-A9C4-8D4E3B662448}
		{8EDF4429-251A-416D-BB68-93F227191BCF} = {5AE61730-0D5C-4799-A9C4-8D4E3B662448}
		{81EF4052-770E-4BBF-BCEE-EFCE7B7C96E2} = {5AE61730-0D5C-4799-A9C4-8D4E3B662448}
		{BF6C1C34-F93A-4B92-BE2A-1DFFF0FE155E} = {5AE61730-0D5C-4799-A9C4-8D4E3B662448}
		{CD3476E1-B175-4A58-9D66-2CA84E7D995D} = {F3770C02-533C-4D14-9D37-7A9E6A8BB674}
		{CF781E4C-0935-4C51-AA55-962F45489BEB} = {F3770C02-533C-4D14-9D37-7A9E6A8BB674}
	EndGlobalSection
	GlobalSection(ExtensibilityGlobals) = postSolution
		SolutionGuid = {0848A97E-E3F5-4BF1-899F-F6EB1A95927D}
	EndGlobalSection
EndGlobal
